
Microsoft Visual Studio Solution File, Format Version 12.00
# Visual Studio Version 16
VisualStudioVersion = 16.6.30114.105
MinimumVisualStudioVersion = 10.0.40219.1
Project("{2150E333-8FDC-42A3-9474-1A3956D46DE8}") = "Domain", "Domain", "{419632F2-F15F-4FA5-ACA7-435CE69E76AE}"
EndProject
Project("{FAE04EC0-301F-11D3-BF4B-00C04F79EFBC}") = "MicroRabbit.Domain.Core", "Domain\MicroRabbit.Domain.Core\MicroRabbit.Domain.Core.csproj", "{961278BC-4679-46A3-AF06-AE2EB8B0BD4D}"
EndProject
Project("{2150E333-8FDC-42A3-9474-1A3956D46DE8}") = "Infra.Bus", "Infra.Bus", "{3C33F8D7-7396-4816-9E60-E8EBFBCE46F8}"
EndProject
Project("{FAE04EC0-301F-11D3-BF4B-00C04F79EFBC}") = "MicroRabbit.Infra.Bus", "Infra.Bus\MicroRabbit.Infra.Bus\MicroRabbit.Infra.Bus.csproj", "{A88B6ABD-00E2-44C3-9F24-15D5F02EB013}"
EndProject
Project("{2150E333-8FDC-42A3-9474-1A3956D46DE8}") = "Infra.IoC", "Infra.IoC", "{B4060425-D5EA-401A-8CE6-F1E00E0F942E}"
EndProject
Project("{FAE04EC0-301F-11D3-BF4B-00C04F79EFBC}") = "MicroRabbit.Infra.IoC", "Infra.IoC\MicroRabbit.Infra.IoC\MicroRabbit.Infra.IoC.csproj", "{7781D82C-723A-4643-9C4A-AF6E1858FFDF}"
EndProject
Project("{2150E333-8FDC-42A3-9474-1A3956D46DE8}") = "MicroServices", "MicroServices", "{6D1F1308-DAC6-4746-94B5-281036FF493E}"
EndProject
Project("{2150E333-8FDC-42A3-9474-1A3956D46DE8}") = "Banking", "Banking", "{1C71BA60-0D5A-4556-B99C-EF802E1BC498}"
EndProject
Project("{2150E333-8FDC-42A3-9474-1A3956D46DE8}") = "Api", "Api", "{454CDBA4-B25B-4B12-9252-7A7EC3945DA1}"
EndProject
Project("{FAE04EC0-301F-11D3-BF4B-00C04F79EFBC}") = "MicroRabbit.Banking.Api", "MicroServices\Banking\Api\MicroRabbit.Banking.Api\MicroRabbit.Banking.Api.csproj", "{B164CCF5-DFA9-4E5D-88BC-2D1116635C8D}"
EndProject
Project("{2150E333-8FDC-42A3-9474-1A3956D46DE8}") = "Application", "Application", "{22BE4A00-CFAD-4479-AE6D-3876048BCE1F}"
EndProject
Project("{FAE04EC0-301F-11D3-BF4B-00C04F79EFBC}") = "MicroRabbit.Banking.Application", "MicroServices\Banking\Application\MicroRabbit.Banking.Application\MicroRabbit.Banking.Application.csproj", "{A3FA2DE1-B467-451C-851D-34A356492DA2}"
EndProject
Project("{2150E333-8FDC-42A3-9474-1A3956D46DE8}") = "Core", "Core", "{6A37C438-A672-472C-B9D6-07BE68DD521D}"
EndProject
Project("{FAE04EC0-301F-11D3-BF4B-00C04F79EFBC}") = "MicroRabbit.Banking.Core", "MicroServices\Banking\Core\MicroRabbit.Banking.Core\MicroRabbit.Banking.Core.csproj", "{F3F4DD3C-886D-4060-A609-0E97EB7BC00B}"
EndProject
Project("{2150E333-8FDC-42A3-9474-1A3956D46DE8}") = "Infrastructure", "Infrastructure", "{13D9300C-988D-40DC-8387-C8189FEBBFE0}"
EndProject
Project("{FAE04EC0-301F-11D3-BF4B-00C04F79EFBC}") = "MicroRabbit.Banking.Infrastructure", "MicroServices\Banking\Infrastructure\MicroRabbit.Banking.Infrastructure\MicroRabbit.Banking.Infrastructure.csproj", "{49C70C4A-1D8A-4FC7-93DF-583111BAA4BD}"
EndProject
Global
	GlobalSection(SolutionConfigurationPlatforms) = preSolution
		Debug|Any CPU = Debug|Any CPU
		Debug|x64 = Debug|x64
		Debug|x86 = Debug|x86
		Release|Any CPU = Release|Any CPU
		Release|x64 = Release|x64
		Release|x86 = Release|x86
	EndGlobalSection
	GlobalSection(SolutionProperties) = preSolution
		HideSolutionNode = FALSE
	EndGlobalSection
	GlobalSection(ProjectConfigurationPlatforms) = postSolution
		{961278BC-4679-46A3-AF06-AE2EB8B0BD4D}.Debug|Any CPU.ActiveCfg = Debug|Any CPU
		{961278BC-4679-46A3-AF06-AE2EB8B0BD4D}.Debug|Any CPU.Build.0 = Debug|Any CPU
		{961278BC-4679-46A3-AF06-AE2EB8B0BD4D}.Debug|x64.ActiveCfg = Debug|Any CPU
		{961278BC-4679-46A3-AF06-AE2EB8B0BD4D}.Debug|x64.Build.0 = Debug|Any CPU
		{961278BC-4679-46A3-AF06-AE2EB8B0BD4D}.Debug|x86.ActiveCfg = Debug|Any CPU
		{961278BC-4679-46A3-AF06-AE2EB8B0BD4D}.Debug|x86.Build.0 = Debug|Any CPU
		{961278BC-4679-46A3-AF06-AE2EB8B0BD4D}.Release|Any CPU.ActiveCfg = Release|Any CPU
		{961278BC-4679-46A3-AF06-AE2EB8B0BD4D}.Release|Any CPU.Build.0 = Release|Any CPU
		{961278BC-4679-46A3-AF06-AE2EB8B0BD4D}.Release|x64.ActiveCfg = Release|Any CPU
		{961278BC-4679-46A3-AF06-AE2EB8B0BD4D}.Release|x64.Build.0 = Release|Any CPU
		{961278BC-4679-46A3-AF06-AE2EB8B0BD4D}.Release|x86.ActiveCfg = Release|Any CPU
		{961278BC-4679-46A3-AF06-AE2EB8B0BD4D}.Release|x86.Build.0 = Release|Any CPU
		{A88B6ABD-00E2-44C3-9F24-15D5F02EB013}.Debug|Any CPU.ActiveCfg = Debug|Any CPU
		{A88B6ABD-00E2-44C3-9F24-15D5F02EB013}.Debug|Any CPU.Build.0 = Debug|Any CPU
		{A88B6ABD-00E2-44C3-9F24-15D5F02EB013}.Debug|x64.ActiveCfg = Debug|Any CPU
		{A88B6ABD-00E2-44C3-9F24-15D5F02EB013}.Debug|x64.Build.0 = Debug|Any CPU
		{A88B6ABD-00E2-44C3-9F24-15D5F02EB013}.Debug|x86.ActiveCfg = Debug|Any CPU
		{A88B6ABD-00E2-44C3-9F24-15D5F02EB013}.Debug|x86.Build.0 = Debug|Any CPU
		{A88B6ABD-00E2-44C3-9F24-15D5F02EB013}.Release|Any CPU.ActiveCfg = Release|Any CPU
		{A88B6ABD-00E2-44C3-9F24-15D5F02EB013}.Release|Any CPU.Build.0 = Release|Any CPU
		{A88B6ABD-00E2-44C3-9F24-15D5F02EB013}.Release|x64.ActiveCfg = Release|Any CPU
		{A88B6ABD-00E2-44C3-9F24-15D5F02EB013}.Release|x64.Build.0 = Release|Any CPU
		{A88B6ABD-00E2-44C3-9F24-15D5F02EB013}.Release|x86.ActiveCfg = Release|Any CPU
		{A88B6ABD-00E2-44C3-9F24-15D5F02EB013}.Release|x86.Build.0 = Release|Any CPU
		{7781D82C-723A-4643-9C4A-AF6E1858FFDF}.Debug|Any CPU.ActiveCfg = Debug|Any CPU
		{7781D82C-723A-4643-9C4A-AF6E1858FFDF}.Debug|Any CPU.Build.0 = Debug|Any CPU
		{7781D82C-723A-4643-9C4A-AF6E1858FFDF}.Debug|x64.ActiveCfg = Debug|Any CPU
		{7781D82C-723A-4643-9C4A-AF6E1858FFDF}.Debug|x64.Build.0 = Debug|Any CPU
		{7781D82C-723A-4643-9C4A-AF6E1858FFDF}.Debug|x86.ActiveCfg = Debug|Any CPU
		{7781D82C-723A-4643-9C4A-AF6E1858FFDF}.Debug|x86.Build.0 = Debug|Any CPU
		{7781D82C-723A-4643-9C4A-AF6E1858FFDF}.Release|Any CPU.ActiveCfg = Release|Any CPU
		{7781D82C-723A-4643-9C4A-AF6E1858FFDF}.Release|Any CPU.Build.0 = Release|Any CPU
		{7781D82C-723A-4643-9C4A-AF6E1858FFDF}.Release|x64.ActiveCfg = Release|Any CPU
		{7781D82C-723A-4643-9C4A-AF6E1858FFDF}.Release|x64.Build.0 = Release|Any CPU
		{7781D82C-723A-4643-9C4A-AF6E1858FFDF}.Release|x86.ActiveCfg = Release|Any CPU
		{7781D82C-723A-4643-9C4A-AF6E1858FFDF}.Release|x86.Build.0 = Release|Any CPU
		{B164CCF5-DFA9-4E5D-88BC-2D1116635C8D}.Debug|Any CPU.ActiveCfg = Debug|Any CPU
		{B164CCF5-DFA9-4E5D-88BC-2D1116635C8D}.Debug|Any CPU.Build.0 = Debug|Any CPU
		{B164CCF5-DFA9-4E5D-88BC-2D1116635C8D}.Debug|x64.ActiveCfg = Debug|Any CPU
		{B164CCF5-DFA9-4E5D-88BC-2D1116635C8D}.Debug|x64.Build.0 = Debug|Any CPU
		{B164CCF5-DFA9-4E5D-88BC-2D1116635C8D}.Debug|x86.ActiveCfg = Debug|Any CPU
		{B164CCF5-DFA9-4E5D-88BC-2D1116635C8D}.Debug|x86.Build.0 = Debug|Any CPU
		{B164CCF5-DFA9-4E5D-88BC-2D1116635C8D}.Release|Any CPU.ActiveCfg = Release|Any CPU
		{B164CCF5-DFA9-4E5D-88BC-2D1116635C8D}.Release|Any CPU.Build.0 = Release|Any CPU
		{B164CCF5-DFA9-4E5D-88BC-2D1116635C8D}.Release|x64.ActiveCfg = Release|Any CPU
		{B164CCF5-DFA9-4E5D-88BC-2D1116635C8D}.Release|x64.Build.0 = Release|Any CPU
		{B164CCF5-DFA9-4E5D-88BC-2D1116635C8D}.Release|x86.ActiveCfg = Release|Any CPU
		{B164CCF5-DFA9-4E5D-88BC-2D1116635C8D}.Release|x86.Build.0 = Release|Any CPU
		{A3FA2DE1-B467-451C-851D-34A356492DA2}.Debug|Any CPU.ActiveCfg = Debug|Any CPU
		{A3FA2DE1-B467-451C-851D-34A356492DA2}.Debug|Any CPU.Build.0 = Debug|Any CPU
		{A3FA2DE1-B467-451C-851D-34A356492DA2}.Debug|x64.ActiveCfg = Debug|Any CPU
		{A3FA2DE1-B467-451C-851D-34A356492DA2}.Debug|x64.Build.0 = Debug|Any CPU
		{A3FA2DE1-B467-451C-851D-34A356492DA2}.Debug|x86.ActiveCfg = Debug|Any CPU
		{A3FA2DE1-B467-451C-851D-34A356492DA2}.Debug|x86.Build.0 = Debug|Any CPU
		{A3FA2DE1-B467-451C-851D-34A356492DA2}.Release|Any CPU.ActiveCfg = Release|Any CPU
		{A3FA2DE1-B467-451C-851D-34A356492DA2}.Release|Any CPU.Build.0 = Release|Any CPU
		{A3FA2DE1-B467-451C-851D-34A356492DA2}.Release|x64.ActiveCfg = Release|Any CPU
		{A3FA2DE1-B467-451C-851D-34A356492DA2}.Release|x64.Build.0 = Release|Any CPU
		{A3FA2DE1-B467-451C-851D-34A356492DA2}.Release|x86.ActiveCfg = Release|Any CPU
		{A3FA2DE1-B467-451C-851D-34A356492DA2}.Release|x86.Build.0 = Release|Any CPU
		{F3F4DD3C-886D-4060-A609-0E97EB7BC00B}.Debug|Any CPU.ActiveCfg = Debug|Any CPU
		{F3F4DD3C-886D-4060-A609-0E97EB7BC00B}.Debug|Any CPU.Build.0 = Debug|Any CPU
		{F3F4DD3C-886D-4060-A609-0E97EB7BC00B}.Debug|x64.ActiveCfg = Debug|Any CPU
		{F3F4DD3C-886D-4060-A609-0E97EB7BC00B}.Debug|x64.Build.0 = Debug|Any CPU
		{F3F4DD3C-886D-4060-A609-0E97EB7BC00B}.Debug|x86.ActiveCfg = Debug|Any CPU
		{F3F4DD3C-886D-4060-A609-0E97EB7BC00B}.Debug|x86.Build.0 = Debug|Any CPU
		{F3F4DD3C-886D-4060-A609-0E97EB7BC00B}.Release|Any CPU.ActiveCfg = Release|Any CPU
		{F3F4DD3C-886D-4060-A609-0E97EB7BC00B}.Release|Any CPU.Build.0 = Release|Any CPU
		{F3F4DD3C-886D-4060-A609-0E97EB7BC00B}.Release|x64.ActiveCfg = Release|Any CPU
		{F3F4DD3C-886D-4060-A609-0E97EB7BC00B}.Release|x64.Build.0 = Release|Any CPU
		{F3F4DD3C-886D-4060-A609-0E97EB7BC00B}.Release|x86.ActiveCfg = Release|Any CPU
		{F3F4DD3C-886D-4060-A609-0E97EB7BC00B}.Release|x86.Build.0 = Release|Any CPU
		{49C70C4A-1D8A-4FC7-93DF-583111BAA4BD}.Debug|Any CPU.ActiveCfg = Debug|Any CPU
		{49C70C4A-1D8A-4FC7-93DF-583111BAA4BD}.Debug|Any CPU.Build.0 = Debug|Any CPU
		{49C70C4A-1D8A-4FC7-93DF-583111BAA4BD}.Debug|x64.ActiveCfg = Debug|Any CPU
		{49C70C4A-1D8A-4FC7-93DF-583111BAA4BD}.Debug|x64.Build.0 = Debug|Any CPU
		{49C70C4A-1D8A-4FC7-93DF-583111BAA4BD}.Debug|x86.ActiveCfg = Debug|Any CPU
		{49C70C4A-1D8A-4FC7-93DF-583111BAA4BD}.Debug|x86.Build.0 = Debug|Any CPU
		{49C70C4A-1D8A-4FC7-93DF-583111BAA4BD}.Release|Any CPU.ActiveCfg = Release|Any CPU
		{49C70C4A-1D8A-4FC7-93DF-583111BAA4BD}.Release|Any CPU.Build.0 = Release|Any CPU
		{49C70C4A-1D8A-4FC7-93DF-583111BAA4BD}.Release|x64.ActiveCfg = Release|Any CPU
		{49C70C4A-1D8A-4FC7-93DF-583111BAA4BD}.Release|x64.Build.0 = Release|Any CPU
		{49C70C4A-1D8A-4FC7-93DF-583111BAA4BD}.Release|x86.ActiveCfg = Release|Any CPU
		{49C70C4A-1D8A-4FC7-93DF-583111BAA4BD}.Release|x86.Build.0 = Release|Any CPU
	EndGlobalSection
	GlobalSection(NestedProjects) = preSolution
		{961278BC-4679-46A3-AF06-AE2EB8B0BD4D} = {419632F2-F15F-4FA5-ACA7-435CE69E76AE}
		{A88B6ABD-00E2-44C3-9F24-15D5F02EB013} = {3C33F8D7-7396-4816-9E60-E8EBFBCE46F8}
		{7781D82C-723A-4643-9C4A-AF6E1858FFDF} = {B4060425-D5EA-401A-8CE6-F1E00E0F942E}
		{1C71BA60-0D5A-4556-B99C-EF802E1BC498} = {6D1F1308-DAC6-4746-94B5-281036FF493E}
		{454CDBA4-B25B-4B12-9252-7A7EC3945DA1} = {1C71BA60-0D5A-4556-B99C-EF802E1BC498}
		{B164CCF5-DFA9-4E5D-88BC-2D1116635C8D} = {454CDBA4-B25B-4B12-9252-7A7EC3945DA1}
		{22BE4A00-CFAD-4479-AE6D-3876048BCE1F} = {1C71BA60-0D5A-4556-B99C-EF802E1BC498}
		{A3FA2DE1-B467-451C-851D-34A356492DA2} = {22BE4A00-CFAD-4479-AE6D-3876048BCE1F}
		{6A37C438-A672-472C-B9D6-07BE68DD521D} = {1C71BA60-0D5A-4556-B99C-EF802E1BC498}
		{F3F4DD3C-886D-4060-A609-0E97EB7BC00B} = {6A37C438-A672-472C-B9D6-07BE68DD521D}
		{13D9300C-988D-40DC-8387-C8189FEBBFE0} = {1C71BA60-0D5A-4556-B99C-EF802E1BC498}
		{49C70C4A-1D8A-4FC7-93DF-583111BAA4BD} = {13D9300C-988D-40DC-8387-C8189FEBBFE0}
	EndGlobalSection
EndGlobal
