
Microsoft Visual Studio Solution File, Format Version 12.00
# Visual Studio Version 16
VisualStudioVersion = 16.6.30114.105
MinimumVisualStudioVersion = 10.0.40219.1
Project("{2150E333-8FDC-42A3-9474-1A3956D46DE8}") = "Domain", "Domain", "{419632F2-F15F-4FA5-ACA7-435CE69E76AE}"
EndProject
Project("{FAE04EC0-301F-11D3-BF4B-00C04F79EFBC}") = "MicroRabbit.Domain.Core", "Domain\MicroRabbit.Domain.Core\MicroRabbit.Domain.Core.csproj", "{961278BC-4679-46A3-AF06-AE2EB8B0BD4D}"
EndProject
Project("{2150E333-8FDC-42A3-9474-1A3956D46DE8}") = "Infra.Bus", "Infra.Bus", "{3C33F8D7-7396-4816-9E60-E8EBFBCE46F8}"
EndProject
Project("{FAE04EC0-301F-11D3-BF4B-00C04F79EFBC}") = "MicroRabbit.Infra.Bus", "Infra.Bus\MicroRabbit.Infra.Bus\MicroRabbit.Infra.Bus.csproj", "{A88B6ABD-00E2-44C3-9F24-15D5F02EB013}"
EndProject
Global
	GlobalSection(SolutionConfigurationPlatforms) = preSolution
		Debug|Any CPU = Debug|Any CPU
		Debug|x64 = Debug|x64
		Debug|x86 = Debug|x86
		Release|Any CPU = Release|Any CPU
		Release|x64 = Release|x64
		Release|x86 = Release|x86
	EndGlobalSection
	GlobalSection(SolutionProperties) = preSolution
		HideSolutionNode = FALSE
	EndGlobalSection
	GlobalSection(ProjectConfigurationPlatforms) = postSolution
		{961278BC-4679-46A3-AF06-AE2EB8B0BD4D}.Debug|Any CPU.ActiveCfg = Debug|Any CPU
		{961278BC-4679-46A3-AF06-AE2EB8B0BD4D}.Debug|Any CPU.Build.0 = Debug|Any CPU
		{961278BC-4679-46A3-AF06-AE2EB8B0BD4D}.Debug|x64.ActiveCfg = Debug|Any CPU
		{961278BC-4679-46A3-AF06-AE2EB8B0BD4D}.Debug|x64.Build.0 = Debug|Any CPU
		{961278BC-4679-46A3-AF06-AE2EB8B0BD4D}.Debug|x86.ActiveCfg = Debug|Any CPU
		{961278BC-4679-46A3-AF06-AE2EB8B0BD4D}.Debug|x86.Build.0 = Debug|Any CPU
		{961278BC-4679-46A3-AF06-AE2EB8B0BD4D}.Release|Any CPU.ActiveCfg = Release|Any CPU
		{961278BC-4679-46A3-AF06-AE2EB8B0BD4D}.Release|Any CPU.Build.0 = Release|Any CPU
		{961278BC-4679-46A3-AF06-AE2EB8B0BD4D}.Release|x64.ActiveCfg = Release|Any CPU
		{961278BC-4679-46A3-AF06-AE2EB8B0BD4D}.Release|x64.Build.0 = Release|Any CPU
		{961278BC-4679-46A3-AF06-AE2EB8B0BD4D}.Release|x86.ActiveCfg = Release|Any CPU
		{961278BC-4679-46A3-AF06-AE2EB8B0BD4D}.Release|x86.Build.0 = Release|Any CPU
		{A88B6ABD-00E2-44C3-9F24-15D5F02EB013}.Debug|Any CPU.ActiveCfg = Debug|Any CPU
		{A88B6ABD-00E2-44C3-9F24-15D5F02EB013}.Debug|Any CPU.Build.0 = Debug|Any CPU
		{A88B6ABD-00E2-44C3-9F24-15D5F02EB013}.Debug|x64.ActiveCfg = Debug|Any CPU
		{A88B6ABD-00E2-44C3-9F24-15D5F02EB013}.Debug|x64.Build.0 = Debug|Any CPU
		{A88B6ABD-00E2-44C3-9F24-15D5F02EB013}.Debug|x86.ActiveCfg = Debug|Any CPU
		{A88B6ABD-00E2-44C3-9F24-15D5F02EB013}.Debug|x86.Build.0 = Debug|Any CPU
		{A88B6ABD-00E2-44C3-9F24-15D5F02EB013}.Release|Any CPU.ActiveCfg = Release|Any CPU
		{A88B6ABD-00E2-44C3-9F24-15D5F02EB013}.Release|Any CPU.Build.0 = Release|Any CPU
		{A88B6ABD-00E2-44C3-9F24-15D5F02EB013}.Release|x64.ActiveCfg = Release|Any CPU
		{A88B6ABD-00E2-44C3-9F24-15D5F02EB013}.Release|x64.Build.0 = Release|Any CPU
		{A88B6ABD-00E2-44C3-9F24-15D5F02EB013}.Release|x86.ActiveCfg = Release|Any CPU
		{A88B6ABD-00E2-44C3-9F24-15D5F02EB013}.Release|x86.Build.0 = Release|Any CPU
	EndGlobalSection
	GlobalSection(NestedProjects) = preSolution
		{961278BC-4679-46A3-AF06-AE2EB8B0BD4D} = {419632F2-F15F-4FA5-ACA7-435CE69E76AE}
		{A88B6ABD-00E2-44C3-9F24-15D5F02EB013} = {3C33F8D7-7396-4816-9E60-E8EBFBCE46F8}
	EndGlobalSection
EndGlobal
